
Microsoft Visual Studio Solution File, Format Version 12.00
# Visual Studio Version 16
VisualStudioVersion = 16.0.34407.143
MinimumVisualStudioVersion = 10.0.40219.1
Project("{FAE04EC0-301F-11D3-BF4B-00C04F79EFBC}") = "DoAnCuoiKi", "DoAnCuoiKi\DoAnCuoiKi.csproj", "{633C0558-14F1-40E3-9DDD-EB04774DAB0A}"
EndProject
Global
	GlobalSection(SolutionConfigurationPlatforms) = preSolution
		Debug|Any CPU = Debug|Any CPU
		Release|Any CPU = Release|Any CPU
	EndGlobalSection
	GlobalSection(ProjectConfigurationPlatforms) = postSolution
		{633C0558-14F1-40E3-9DDD-EB04774DAB0A}.Debug|Any CPU.ActiveCfg = Debug|Any CPU
		{633C0558-14F1-40E3-9DDD-EB04774DAB0A}.Debug|Any CPU.Build.0 = Debug|Any CPU
		{633C0558-14F1-40E3-9DDD-EB04774DAB0A}.Release|Any CPU.ActiveCfg = Release|Any CPU
		{633C0558-14F1-40E3-9DDD-EB04774DAB0A}.Release|Any CPU.Build.0 = Release|Any CPU
	EndGlobalSection
	GlobalSection(SolutionProperties) = preSolution
		HideSolutionNode = FALSE
	EndGlobalSection
	GlobalSection(ExtensibilityGlobals) = postSolution
		SolutionGuid = {248AF2BE-DD68-4FAC-AEFB-67D100E56BE0}
	EndGlobalSection
EndGlobal
